// !$*UTF8*$!
{
	archiveVersion = 1;
	classes = {
	};
	objectVersion = 46;
	objects = {

/* Begin PBXBuildFile section */
		936ADC7619CCF58600A801D9 /* BuyButton.png in Resources */ = {isa = PBXBuildFile; fileRef = 936ADC7519CCF58600A801D9 /* BuyButton.png */; };
		93D3476719C7DC9400D0A20A /* PayPalViewController.m in Sources */ = {isa = PBXBuildFile; fileRef = 93D3476119C7DC9400D0A20A /* PayPalViewController.m */; };
		93D3476819C7DC9400D0A20A /* AppDelegate.m in Sources */ = {isa = PBXBuildFile; fileRef = 93D3476419C7DC9400D0A20A /* AppDelegate.m */; };
		93E2AADE19C4CAB900A2BC7F /* Foundation.framework in Frameworks */ = {isa = PBXBuildFile; fileRef = 93E2AADD19C4CAB900A2BC7F /* Foundation.framework */; };
		93E2AAE019C4CAB900A2BC7F /* CoreGraphics.framework in Frameworks */ = {isa = PBXBuildFile; fileRef = 93E2AADF19C4CAB900A2BC7F /* CoreGraphics.framework */; };
		93E2AAE219C4CAB900A2BC7F /* UIKit.framework in Frameworks */ = {isa = PBXBuildFile; fileRef = 93E2AAE119C4CAB900A2BC7F /* UIKit.framework */; };
		93E2AAE819C4CAB900A2BC7F /* InfoPlist.strings in Resources */ = {isa = PBXBuildFile; fileRef = 93E2AAE619C4CAB900A2BC7F /* InfoPlist.strings */; };
		93E2AAEA19C4CAB900A2BC7F /* main.m in Sources */ = {isa = PBXBuildFile; fileRef = 93E2AAE919C4CAB900A2BC7F /* main.m */; };
		93E2AAF019C4CAB900A2BC7F /* Images.xcassets in Resources */ = {isa = PBXBuildFile; fileRef = 93E2AAEF19C4CAB900A2BC7F /* Images.xcassets */; };
		93E2AAF719C4CAB900A2BC7F /* XCTest.framework in Frameworks */ = {isa = PBXBuildFile; fileRef = 93E2AAF619C4CAB900A2BC7F /* XCTest.framework */; };
		93E2AAF819C4CAB900A2BC7F /* Foundation.framework in Frameworks */ = {isa = PBXBuildFile; fileRef = 93E2AADD19C4CAB900A2BC7F /* Foundation.framework */; };
		93E2AAF919C4CAB900A2BC7F /* UIKit.framework in Frameworks */ = {isa = PBXBuildFile; fileRef = 93E2AAE119C4CAB900A2BC7F /* UIKit.framework */; };
		93E2AB0119C4CAB900A2BC7F /* InfoPlist.strings in Resources */ = {isa = PBXBuildFile; fileRef = 93E2AAFF19C4CAB900A2BC7F /* InfoPlist.strings */; };
		93E2AB0319C4CAB900A2BC7F /* NativeAppTests.m in Sources */ = {isa = PBXBuildFile; fileRef = 93E2AB0219C4CAB900A2BC7F /* NativeAppTests.m */; };
		93E2AB1419C4CAEA00A2BC7F /* libPayPalMobile.a in Frameworks */ = {isa = PBXBuildFile; fileRef = 93E2AB0C19C4CAEA00A2BC7F /* libPayPalMobile.a */; };
		93E2AB1A19C4CCB000A2BC7F /* CoreLocation.framework in Frameworks */ = {isa = PBXBuildFile; fileRef = 93E2AB1919C4CCB000A2BC7F /* CoreLocation.framework */; };
		93E2AB1C19C4CCB900A2BC7F /* SystemConfiguration.framework in Frameworks */ = {isa = PBXBuildFile; fileRef = 93E2AB1B19C4CCB900A2BC7F /* SystemConfiguration.framework */; };
		93E2AB1E19C4CCC500A2BC7F /* AudioToolbox.framework in Frameworks */ = {isa = PBXBuildFile; fileRef = 93E2AB1D19C4CCC500A2BC7F /* AudioToolbox.framework */; };
		93E2AB2019C4CCCC00A2BC7F /* CoreMedia.framework in Frameworks */ = {isa = PBXBuildFile; fileRef = 93E2AB1F19C4CCCC00A2BC7F /* CoreMedia.framework */; };
		93E2AB2219C4CCD200A2BC7F /* CoreVideo.framework in Frameworks */ = {isa = PBXBuildFile; fileRef = 93E2AB2119C4CCD200A2BC7F /* CoreVideo.framework */; };
		93E2AB2419C4CCDB00A2BC7F /* QuartzCore.framework in Frameworks */ = {isa = PBXBuildFile; fileRef = 93E2AB2319C4CCDB00A2BC7F /* QuartzCore.framework */; };
		93E2AB2619C4CCE100A2BC7F /* AVFoundation.framework in Frameworks */ = {isa = PBXBuildFile; fileRef = 93E2AB2519C4CCE100A2BC7F /* AVFoundation.framework */; };
		93E2AB2819C4CCED00A2BC7F /* Security.framework in Frameworks */ = {isa = PBXBuildFile; fileRef = 93E2AB2719C4CCED00A2BC7F /* Security.framework */; };
		93E2AB2A19C4CCF400A2BC7F /* OpenGLES.framework in Frameworks */ = {isa = PBXBuildFile; fileRef = 93E2AB2919C4CCF400A2BC7F /* OpenGLES.framework */; };
		93E2AB2C19C4CD0200A2BC7F /* libxml2.dylib in Frameworks */ = {isa = PBXBuildFile; fileRef = 93E2AB2B19C4CD0200A2BC7F /* libxml2.dylib */; };
		93E2AB2E19C4CD1C00A2BC7F /* MessageUI.framework in Frameworks */ = {isa = PBXBuildFile; fileRef = 93E2AB2D19C4CD1C00A2BC7F /* MessageUI.framework */; };
/* End PBXBuildFile section */

/* Begin PBXContainerItemProxy section */
		93E2AAFA19C4CAB900A2BC7F /* PBXContainerItemProxy */ = {
			isa = PBXContainerItemProxy;
			containerPortal = 93E2AAD219C4CAB900A2BC7F /* Project object */;
			proxyType = 1;
			remoteGlobalIDString = 93E2AAD919C4CAB900A2BC7F;
			remoteInfo = NativeApp;
		};
/* End PBXContainerItemProxy section */

/* Begin PBXFileReference section */
		936ADC7519CCF58600A801D9 /* BuyButton.png */ = {isa = PBXFileReference; lastKnownFileType = image.png; path = BuyButton.png; sourceTree = "<group>"; };
		93D3476119C7DC9400D0A20A /* PayPalViewController.m */ = {isa = PBXFileReference; fileEncoding = 4; lastKnownFileType = sourcecode.c.objc; path = PayPalViewController.m; sourceTree = "<group>"; };
		93D3476319C7DC9400D0A20A /* PayPalViewController.h */ = {isa = PBXFileReference; fileEncoding = 4; lastKnownFileType = sourcecode.c.h; path = PayPalViewController.h; sourceTree = "<group>"; };
		93D3476419C7DC9400D0A20A /* AppDelegate.m */ = {isa = PBXFileReference; fileEncoding = 4; lastKnownFileType = sourcecode.c.objc; path = AppDelegate.m; sourceTree = "<group>"; };
		93D3476619C7DC9400D0A20A /* AppDelegate.h */ = {isa = PBXFileReference; fileEncoding = 4; lastKnownFileType = sourcecode.c.h; path = AppDelegate.h; sourceTree = "<group>"; };
		93E2AADA19C4CAB900A2BC7F /* NativeApp.app */ = {isa = PBXFileReference; explicitFileType = wrapper.application; includeInIndex = 0; path = NativeApp.app; sourceTree = BUILT_PRODUCTS_DIR; };
		93E2AADD19C4CAB900A2BC7F /* Foundation.framework */ = {isa = PBXFileReference; lastKnownFileType = wrapper.framework; name = Foundation.framework; path = System/Library/Frameworks/Foundation.framework; sourceTree = SDKROOT; };
		93E2AADF19C4CAB900A2BC7F /* CoreGraphics.framework */ = {isa = PBXFileReference; lastKnownFileType = wrapper.framework; name = CoreGraphics.framework; path = System/Library/Frameworks/CoreGraphics.framework; sourceTree = SDKROOT; };
		93E2AAE119C4CAB900A2BC7F /* UIKit.framework */ = {isa = PBXFileReference; lastKnownFileType = wrapper.framework; name = UIKit.framework; path = System/Library/Frameworks/UIKit.framework; sourceTree = SDKROOT; };
		93E2AAE519C4CAB900A2BC7F /* NativeApp-Info.plist */ = {isa = PBXFileReference; lastKnownFileType = text.plist.xml; path = "NativeApp-Info.plist"; sourceTree = "<group>"; };
		93E2AAE719C4CAB900A2BC7F /* en */ = {isa = PBXFileReference; lastKnownFileType = text.plist.strings; name = en; path = en.lproj/InfoPlist.strings; sourceTree = "<group>"; };
		93E2AAE919C4CAB900A2BC7F /* main.m */ = {isa = PBXFileReference; lastKnownFileType = sourcecode.c.objc; path = main.m; sourceTree = "<group>"; };
		93E2AAEB19C4CAB900A2BC7F /* NativeApp-Prefix.pch */ = {isa = PBXFileReference; lastKnownFileType = sourcecode.c.h; path = "NativeApp-Prefix.pch"; sourceTree = "<group>"; };
		93E2AAEF19C4CAB900A2BC7F /* Images.xcassets */ = {isa = PBXFileReference; lastKnownFileType = folder.assetcatalog; path = Images.xcassets; sourceTree = "<group>"; };
		93E2AAF519C4CAB900A2BC7F /* NativeAppTests.xctest */ = {isa = PBXFileReference; explicitFileType = wrapper.cfbundle; includeInIndex = 0; path = NativeAppTests.xctest; sourceTree = BUILT_PRODUCTS_DIR; };
		93E2AAF619C4CAB900A2BC7F /* XCTest.framework */ = {isa = PBXFileReference; lastKnownFileType = wrapper.framework; name = XCTest.framework; path = Library/Frameworks/XCTest.framework; sourceTree = DEVELOPER_DIR; };
		93E2AAFE19C4CAB900A2BC7F /* NativeAppTests-Info.plist */ = {isa = PBXFileReference; lastKnownFileType = text.plist.xml; path = "NativeAppTests-Info.plist"; sourceTree = "<group>"; };
		93E2AB0019C4CAB900A2BC7F /* en */ = {isa = PBXFileReference; lastKnownFileType = text.plist.strings; name = en; path = en.lproj/InfoPlist.strings; sourceTree = "<group>"; };
		93E2AB0219C4CAB900A2BC7F /* NativeAppTests.m */ = {isa = PBXFileReference; lastKnownFileType = sourcecode.c.objc; path = NativeAppTests.m; sourceTree = "<group>"; };
		93E2AB0C19C4CAEA00A2BC7F /* libPayPalMobile.a */ = {isa = PBXFileReference; lastKnownFileType = archive.ar; path = libPayPalMobile.a; sourceTree = "<group>"; };
		93E2AB0D19C4CAEA00A2BC7F /* PayPalConfiguration.h */ = {isa = PBXFileReference; fileEncoding = 4; lastKnownFileType = sourcecode.c.h; path = PayPalConfiguration.h; sourceTree = "<group>"; };
		93E2AB0E19C4CAEA00A2BC7F /* PayPalFuturePaymentViewController.h */ = {isa = PBXFileReference; fileEncoding = 4; lastKnownFileType = sourcecode.c.h; path = PayPalFuturePaymentViewController.h; sourceTree = "<group>"; };
		93E2AB0F19C4CAEA00A2BC7F /* PayPalMobile.h */ = {isa = PBXFileReference; fileEncoding = 4; lastKnownFileType = sourcecode.c.h; path = PayPalMobile.h; sourceTree = "<group>"; };
		93E2AB1019C4CAEA00A2BC7F /* PayPalOAuthScopes.h */ = {isa = PBXFileReference; fileEncoding = 4; lastKnownFileType = sourcecode.c.h; path = PayPalOAuthScopes.h; sourceTree = "<group>"; };
		93E2AB1119C4CAEA00A2BC7F /* PayPalPayment.h */ = {isa = PBXFileReference; fileEncoding = 4; lastKnownFileType = sourcecode.c.h; path = PayPalPayment.h; sourceTree = "<group>"; };
		93E2AB1219C4CAEA00A2BC7F /* PayPalPaymentViewController.h */ = {isa = PBXFileReference; fileEncoding = 4; lastKnownFileType = sourcecode.c.h; path = PayPalPaymentViewController.h; sourceTree = "<group>"; };
		93E2AB1319C4CAEA00A2BC7F /* PayPalProfileSharingViewController.h */ = {isa = PBXFileReference; fileEncoding = 4; lastKnownFileType = sourcecode.c.h; path = PayPalProfileSharingViewController.h; sourceTree = "<group>"; };
		93E2AB1919C4CCB000A2BC7F /* CoreLocation.framework */ = {isa = PBXFileReference; lastKnownFileType = wrapper.framework; name = CoreLocation.framework; path = System/Library/Frameworks/CoreLocation.framework; sourceTree = SDKROOT; };
		93E2AB1B19C4CCB900A2BC7F /* SystemConfiguration.framework */ = {isa = PBXFileReference; lastKnownFileType = wrapper.framework; name = SystemConfiguration.framework; path = System/Library/Frameworks/SystemConfiguration.framework; sourceTree = SDKROOT; };
		93E2AB1D19C4CCC500A2BC7F /* AudioToolbox.framework */ = {isa = PBXFileReference; lastKnownFileType = wrapper.framework; name = AudioToolbox.framework; path = System/Library/Frameworks/AudioToolbox.framework; sourceTree = SDKROOT; };
		93E2AB1F19C4CCCC00A2BC7F /* CoreMedia.framework */ = {isa = PBXFileReference; lastKnownFileType = wrapper.framework; name = CoreMedia.framework; path = System/Library/Frameworks/CoreMedia.framework; sourceTree = SDKROOT; };
		93E2AB2119C4CCD200A2BC7F /* CoreVideo.framework */ = {isa = PBXFileReference; lastKnownFileType = wrapper.framework; name = CoreVideo.framework; path = System/Library/Frameworks/CoreVideo.framework; sourceTree = SDKROOT; };
		93E2AB2319C4CCDB00A2BC7F /* QuartzCore.framework */ = {isa = PBXFileReference; lastKnownFileType = wrapper.framework; name = QuartzCore.framework; path = System/Library/Frameworks/QuartzCore.framework; sourceTree = SDKROOT; };
		93E2AB2519C4CCE100A2BC7F /* AVFoundation.framework */ = {isa = PBXFileReference; lastKnownFileType = wrapper.framework; name = AVFoundation.framework; path = System/Library/Frameworks/AVFoundation.framework; sourceTree = SDKROOT; };
		93E2AB2719C4CCED00A2BC7F /* Security.framework */ = {isa = PBXFileReference; lastKnownFileType = wrapper.framework; name = Security.framework; path = System/Library/Frameworks/Security.framework; sourceTree = SDKROOT; };
		93E2AB2919C4CCF400A2BC7F /* OpenGLES.framework */ = {isa = PBXFileReference; lastKnownFileType = wrapper.framework; name = OpenGLES.framework; path = System/Library/Frameworks/OpenGLES.framework; sourceTree = SDKROOT; };
		93E2AB2B19C4CD0200A2BC7F /* libxml2.dylib */ = {isa = PBXFileReference; lastKnownFileType = "compiled.mach-o.dylib"; name = libxml2.dylib; path = usr/lib/libxml2.dylib; sourceTree = SDKROOT; };
		93E2AB2D19C4CD1C00A2BC7F /* MessageUI.framework */ = {isa = PBXFileReference; lastKnownFileType = wrapper.framework; name = MessageUI.framework; path = System/Library/Frameworks/MessageUI.framework; sourceTree = SDKROOT; };
/* End PBXFileReference section */

/* Begin PBXFrameworksBuildPhase section */
		93E2AAD719C4CAB900A2BC7F /* Frameworks */ = {
			isa = PBXFrameworksBuildPhase;
			buildActionMask = 2147483647;
			files = (
				93E2AB2E19C4CD1C00A2BC7F /* MessageUI.framework in Frameworks */,
				93E2AB2C19C4CD0200A2BC7F /* libxml2.dylib in Frameworks */,
				93E2AB2A19C4CCF400A2BC7F /* OpenGLES.framework in Frameworks */,
				93E2AB2819C4CCED00A2BC7F /* Security.framework in Frameworks */,
				93E2AB2619C4CCE100A2BC7F /* AVFoundation.framework in Frameworks */,
				93E2AB2419C4CCDB00A2BC7F /* QuartzCore.framework in Frameworks */,
				93E2AB2219C4CCD200A2BC7F /* CoreVideo.framework in Frameworks */,
				93E2AB2019C4CCCC00A2BC7F /* CoreMedia.framework in Frameworks */,
				93E2AB1E19C4CCC500A2BC7F /* AudioToolbox.framework in Frameworks */,
				93E2AB1C19C4CCB900A2BC7F /* SystemConfiguration.framework in Frameworks */,
				93E2AB1A19C4CCB000A2BC7F /* CoreLocation.framework in Frameworks */,
				93E2AAE019C4CAB900A2BC7F /* CoreGraphics.framework in Frameworks */,
				93E2AAE219C4CAB900A2BC7F /* UIKit.framework in Frameworks */,
				93E2AB1419C4CAEA00A2BC7F /* libPayPalMobile.a in Frameworks */,
				93E2AADE19C4CAB900A2BC7F /* Foundation.framework in Frameworks */,
			);
			runOnlyForDeploymentPostprocessing = 0;
		};
		93E2AAF219C4CAB900A2BC7F /* Frameworks */ = {
			isa = PBXFrameworksBuildPhase;
			buildActionMask = 2147483647;
			files = (
				93E2AAF719C4CAB900A2BC7F /* XCTest.framework in Frameworks */,
				93E2AAF919C4CAB900A2BC7F /* UIKit.framework in Frameworks */,
				93E2AAF819C4CAB900A2BC7F /* Foundation.framework in Frameworks */,
			);
			runOnlyForDeploymentPostprocessing = 0;
		};
/* End PBXFrameworksBuildPhase section */

/* Begin PBXGroup section */
		93D3476A19C7DCBA00D0A20A /* Classes */ = {
			isa = PBXGroup;
			children = (
				93D3476619C7DC9400D0A20A /* AppDelegate.h */,
				93D3476419C7DC9400D0A20A /* AppDelegate.m */,
				93D3476319C7DC9400D0A20A /* PayPalViewController.h */,
				93D3476119C7DC9400D0A20A /* PayPalViewController.m */,
			);
			name = Classes;
			sourceTree = "<group>";
		};
		93E2AAD119C4CAB900A2BC7F = {
			isa = PBXGroup;
			children = (
				93E2AAE319C4CAB900A2BC7F /* NativeApp */,
				93E2AAFC19C4CAB900A2BC7F /* NativeAppTests */,
				93E2AADC19C4CAB900A2BC7F /* Frameworks */,
				93E2AADB19C4CAB900A2BC7F /* Products */,
			);
			sourceTree = "<group>";
		};
		93E2AADB19C4CAB900A2BC7F /* Products */ = {
			isa = PBXGroup;
			children = (
				93E2AADA19C4CAB900A2BC7F /* NativeApp.app */,
				93E2AAF519C4CAB900A2BC7F /* NativeAppTests.xctest */,
			);
			name = Products;
			sourceTree = "<group>";
		};
		93E2AADC19C4CAB900A2BC7F /* Frameworks */ = {
			isa = PBXGroup;
			children = (
				93E2AB1519C4CAEE00A2BC7F /* PayPal SDK */,
				93E2AB2D19C4CD1C00A2BC7F /* MessageUI.framework */,
				93E2AB2B19C4CD0200A2BC7F /* libxml2.dylib */,
				93E2AB2919C4CCF400A2BC7F /* OpenGLES.framework */,
				93E2AB2719C4CCED00A2BC7F /* Security.framework */,
				93E2AB2519C4CCE100A2BC7F /* AVFoundation.framework */,
				93E2AB2319C4CCDB00A2BC7F /* QuartzCore.framework */,
				93E2AB2119C4CCD200A2BC7F /* CoreVideo.framework */,
				93E2AB1F19C4CCCC00A2BC7F /* CoreMedia.framework */,
				93E2AB1D19C4CCC500A2BC7F /* AudioToolbox.framework */,
				93E2AB1B19C4CCB900A2BC7F /* SystemConfiguration.framework */,
				93E2AB1919C4CCB000A2BC7F /* CoreLocation.framework */,
				93E2AADD19C4CAB900A2BC7F /* Foundation.framework */,
				93E2AADF19C4CAB900A2BC7F /* CoreGraphics.framework */,
				93E2AAE119C4CAB900A2BC7F /* UIKit.framework */,
				93E2AAF619C4CAB900A2BC7F /* XCTest.framework */,
			);
			name = Frameworks;
			sourceTree = "<group>";
		};
		93E2AAE319C4CAB900A2BC7F /* NativeApp */ = {
			isa = PBXGroup;
			children = (
				93D3476A19C7DCBA00D0A20A /* Classes */,
				93E2AAE419C4CAB900A2BC7F /* Supporting Files */,
			);
			path = NativeApp;
			sourceTree = "<group>";
		};
		93E2AAE419C4CAB900A2BC7F /* Supporting Files */ = {
			isa = PBXGroup;
			children = (
				93E2AAEF19C4CAB900A2BC7F /* Images.xcassets */,
				936ADC7519CCF58600A801D9 /* BuyButton.png */,
				93E2AAE519C4CAB900A2BC7F /* NativeApp-Info.plist */,
				93E2AAE619C4CAB900A2BC7F /* InfoPlist.strings */,
				93E2AAE919C4CAB900A2BC7F /* main.m */,
				93E2AAEB19C4CAB900A2BC7F /* NativeApp-Prefix.pch */,
			);
			name = "Supporting Files";
			sourceTree = "<group>";
		};
		93E2AAFC19C4CAB900A2BC7F /* NativeAppTests */ = {
			isa = PBXGroup;
			children = (
				93E2AB0219C4CAB900A2BC7F /* NativeAppTests.m */,
				93E2AAFD19C4CAB900A2BC7F /* Supporting Files */,
			);
			path = NativeAppTests;
			sourceTree = "<group>";
		};
		93E2AAFD19C4CAB900A2BC7F /* Supporting Files */ = {
			isa = PBXGroup;
			children = (
				93E2AAFE19C4CAB900A2BC7F /* NativeAppTests-Info.plist */,
				93E2AAFF19C4CAB900A2BC7F /* InfoPlist.strings */,
			);
			name = "Supporting Files";
			sourceTree = "<group>";
		};
		93E2AB1519C4CAEE00A2BC7F /* PayPal SDK */ = {
			isa = PBXGroup;
			children = (
				93E2AB0C19C4CAEA00A2BC7F /* libPayPalMobile.a */,
				93E2AB0D19C4CAEA00A2BC7F /* PayPalConfiguration.h */,
				93E2AB0E19C4CAEA00A2BC7F /* PayPalFuturePaymentViewController.h */,
				93E2AB0F19C4CAEA00A2BC7F /* PayPalMobile.h */,
				93E2AB1019C4CAEA00A2BC7F /* PayPalOAuthScopes.h */,
				93E2AB1119C4CAEA00A2BC7F /* PayPalPayment.h */,
				93E2AB1219C4CAEA00A2BC7F /* PayPalPaymentViewController.h */,
				93E2AB1319C4CAEA00A2BC7F /* PayPalProfileSharingViewController.h */,
			);
			name = "PayPal SDK";
			sourceTree = "<group>";
		};
/* End PBXGroup section */

/* Begin PBXNativeTarget section */
		93E2AAD919C4CAB900A2BC7F /* NativeApp */ = {
			isa = PBXNativeTarget;
			buildConfigurationList = 93E2AB0619C4CAB900A2BC7F /* Build configuration list for PBXNativeTarget "NativeApp" */;
			buildPhases = (
				93E2AAD619C4CAB900A2BC7F /* Sources */,
				93E2AAD719C4CAB900A2BC7F /* Frameworks */,
				93E2AAD819C4CAB900A2BC7F /* Resources */,
			);
			buildRules = (
			);
			dependencies = (
			);
			name = NativeApp;
			productName = NativeApp;
			productReference = 93E2AADA19C4CAB900A2BC7F /* NativeApp.app */;
			productType = "com.apple.product-type.application";
		};
		93E2AAF419C4CAB900A2BC7F /* NativeAppTests */ = {
			isa = PBXNativeTarget;
			buildConfigurationList = 93E2AB0919C4CAB900A2BC7F /* Build configuration list for PBXNativeTarget "NativeAppTests" */;
			buildPhases = (
				93E2AAF119C4CAB900A2BC7F /* Sources */,
				93E2AAF219C4CAB900A2BC7F /* Frameworks */,
				93E2AAF319C4CAB900A2BC7F /* Resources */,
			);
			buildRules = (
			);
			dependencies = (
				93E2AAFB19C4CAB900A2BC7F /* PBXTargetDependency */,
			);
			name = NativeAppTests;
			productName = NativeAppTests;
			productReference = 93E2AAF519C4CAB900A2BC7F /* NativeAppTests.xctest */;
			productType = "com.apple.product-type.bundle.unit-test";
		};
/* End PBXNativeTarget section */

/* Begin PBXProject section */
		93E2AAD219C4CAB900A2BC7F /* Project object */ = {
			isa = PBXProject;
			attributes = {
				LastUpgradeCheck = 0510;
				ORGANIZATIONNAME = "Rohan Aurora";
				TargetAttributes = {
					93E2AAF419C4CAB900A2BC7F = {
						TestTargetID = 93E2AAD919C4CAB900A2BC7F;
					};
				};
			};
			buildConfigurationList = 93E2AAD519C4CAB900A2BC7F /* Build configuration list for PBXProject "NativeApp" */;
			compatibilityVersion = "Xcode 3.2";
			developmentRegion = English;
			hasScannedForEncodings = 0;
			knownRegions = (
				en,
			);
			mainGroup = 93E2AAD119C4CAB900A2BC7F;
			productRefGroup = 93E2AADB19C4CAB900A2BC7F /* Products */;
			projectDirPath = "";
			projectRoot = "";
			targets = (
				93E2AAD919C4CAB900A2BC7F /* NativeApp */,
				93E2AAF419C4CAB900A2BC7F /* NativeAppTests */,
			);
		};
/* End PBXProject section */

/* Begin PBXResourcesBuildPhase section */
		93E2AAD819C4CAB900A2BC7F /* Resources */ = {
			isa = PBXResourcesBuildPhase;
			buildActionMask = 2147483647;
			files = (
				936ADC7619CCF58600A801D9 /* BuyButton.png in Resources */,
				93E2AAE819C4CAB900A2BC7F /* InfoPlist.strings in Resources */,
				93E2AAF019C4CAB900A2BC7F /* Images.xcassets in Resources */,
			);
			runOnlyForDeploymentPostprocessing = 0;
		};
		93E2AAF319C4CAB900A2BC7F /* Resources */ = {
			isa = PBXResourcesBuildPhase;
			buildActionMask = 2147483647;
			files = (
				93E2AB0119C4CAB900A2BC7F /* InfoPlist.strings in Resources */,
			);
			runOnlyForDeploymentPostprocessing = 0;
		};
/* End PBXResourcesBuildPhase section */

/* Begin PBXSourcesBuildPhase section */
		93E2AAD619C4CAB900A2BC7F /* Sources */ = {
			isa = PBXSourcesBuildPhase;
			buildActionMask = 2147483647;
			files = (
				93E2AAEA19C4CAB900A2BC7F /* main.m in Sources */,
				93D3476719C7DC9400D0A20A /* PayPalViewController.m in Sources */,
				93D3476819C7DC9400D0A20A /* AppDelegate.m in Sources */,
			);
			runOnlyForDeploymentPostprocessing = 0;
		};
		93E2AAF119C4CAB900A2BC7F /* Sources */ = {
			isa = PBXSourcesBuildPhase;
			buildActionMask = 2147483647;
			files = (
				93E2AB0319C4CAB900A2BC7F /* NativeAppTests.m in Sources */,
			);
			runOnlyForDeploymentPostprocessing = 0;
		};
/* End PBXSourcesBuildPhase section */

/* Begin PBXTargetDependency section */
		93E2AAFB19C4CAB900A2BC7F /* PBXTargetDependency */ = {
			isa = PBXTargetDependency;
			target = 93E2AAD919C4CAB900A2BC7F /* NativeApp */;
			targetProxy = 93E2AAFA19C4CAB900A2BC7F /* PBXContainerItemProxy */;
		};
/* End PBXTargetDependency section */

/* Begin PBXVariantGroup section */
		93E2AAE619C4CAB900A2BC7F /* InfoPlist.strings */ = {
			isa = PBXVariantGroup;
			children = (
				93E2AAE719C4CAB900A2BC7F /* en */,
			);
			name = InfoPlist.strings;
			sourceTree = "<group>";
		};
		93E2AAFF19C4CAB900A2BC7F /* InfoPlist.strings */ = {
			isa = PBXVariantGroup;
			children = (
				93E2AB0019C4CAB900A2BC7F /* en */,
			);
			name = InfoPlist.strings;
			sourceTree = "<group>";
		};
/* End PBXVariantGroup section */

/* Begin XCBuildConfiguration section */
		93E2AB0419C4CAB900A2BC7F /* Debug */ = {
			isa = XCBuildConfiguration;
			buildSettings = {
				ALWAYS_SEARCH_USER_PATHS = NO;
				CLANG_CXX_LANGUAGE_STANDARD = "gnu++0x";
				CLANG_CXX_LIBRARY = "libc++";
				CLANG_ENABLE_MODULES = YES;
				CLANG_ENABLE_OBJC_ARC = YES;
				CLANG_WARN_BOOL_CONVERSION = YES;
				CLANG_WARN_CONSTANT_CONVERSION = YES;
				CLANG_WARN_DIRECT_OBJC_ISA_USAGE = YES_ERROR;
				CLANG_WARN_EMPTY_BODY = YES;
				CLANG_WARN_ENUM_CONVERSION = YES;
				CLANG_WARN_INT_CONVERSION = YES;
				CLANG_WARN_OBJC_ROOT_CLASS = YES_ERROR;
				CLANG_WARN__DUPLICATE_METHOD_MATCH = YES;
				"CODE_SIGN_IDENTITY[sdk=iphoneos*]" = "iPhone Developer";
				COPY_PHASE_STRIP = NO;
				GCC_C_LANGUAGE_STANDARD = gnu99;
				GCC_DYNAMIC_NO_PIC = NO;
				GCC_OPTIMIZATION_LEVEL = 0;
				GCC_PREPROCESSOR_DEFINITIONS = (
					"DEBUG=1",
					"$(inherited)",
				);
				GCC_SYMBOLS_PRIVATE_EXTERN = NO;
				GCC_WARN_64_TO_32_BIT_CONVERSION = YES;
				GCC_WARN_ABOUT_RETURN_TYPE = YES_ERROR;
				GCC_WARN_UNDECLARED_SELECTOR = YES;
				GCC_WARN_UNINITIALIZED_AUTOS = YES_AGGRESSIVE;
				GCC_WARN_UNUSED_FUNCTION = YES;
				GCC_WARN_UNUSED_VARIABLE = YES;
				IPHONEOS_DEPLOYMENT_TARGET = 7.1;
				ONLY_ACTIVE_ARCH = YES;
				SDKROOT = iphoneos;
			};
			name = Debug;
		};
		93E2AB0519C4CAB900A2BC7F /* Release */ = {
			isa = XCBuildConfiguration;
			buildSettings = {
				ALWAYS_SEARCH_USER_PATHS = NO;
				CLANG_CXX_LANGUAGE_STANDARD = "gnu++0x";
				CLANG_CXX_LIBRARY = "libc++";
				CLANG_ENABLE_MODULES = YES;
				CLANG_ENABLE_OBJC_ARC = YES;
				CLANG_WARN_BOOL_CONVERSION = YES;
				CLANG_WARN_CONSTANT_CONVERSION = YES;
				CLANG_WARN_DIRECT_OBJC_ISA_USAGE = YES_ERROR;
				CLANG_WARN_EMPTY_BODY = YES;
				CLANG_WARN_ENUM_CONVERSION = YES;
				CLANG_WARN_INT_CONVERSION = YES;
				CLANG_WARN_OBJC_ROOT_CLASS = YES_ERROR;
				CLANG_WARN__DUPLICATE_METHOD_MATCH = YES;
				"CODE_SIGN_IDENTITY[sdk=iphoneos*]" = "iPhone Developer";
				COPY_PHASE_STRIP = YES;
				ENABLE_NS_ASSERTIONS = NO;
				GCC_C_LANGUAGE_STANDARD = gnu99;
				GCC_WARN_64_TO_32_BIT_CONVERSION = YES;
				GCC_WARN_ABOUT_RETURN_TYPE = YES_ERROR;
				GCC_WARN_UNDECLARED_SELECTOR = YES;
				GCC_WARN_UNINITIALIZED_AUTOS = YES_AGGRESSIVE;
				GCC_WARN_UNUSED_FUNCTION = YES;
				GCC_WARN_UNUSED_VARIABLE = YES;
				IPHONEOS_DEPLOYMENT_TARGET = 7.1;
				SDKROOT = iphoneos;
				VALIDATE_PRODUCT = YES;
			};
			name = Release;
		};
		93E2AB0719C4CAB900A2BC7F /* Debug */ = {
			isa = XCBuildConfiguration;
			buildSettings = {
				ASSETCATALOG_COMPILER_APPICON_NAME = AppIcon;
				ASSETCATALOG_COMPILER_LAUNCHIMAGE_NAME = LaunchImage;
				GCC_PRECOMPILE_PREFIX_HEADER = YES;
				GCC_PREFIX_HEADER = "NativeApp/NativeApp-Prefix.pch";
				INFOPLIST_FILE = "NativeApp/NativeApp-Info.plist";
				IPHONEOS_DEPLOYMENT_TARGET = 7.1;
				LIBRARY_SEARCH_PATHS = (
					"$(inherited)",
					"$(PROJECT_DIR)",
				);
				OTHER_LDFLAGS = (
					"-lc++",
					"-ObjC",
				);
				PRODUCT_NAME = "$(TARGET_NAME)";
				WRAPPER_EXTENSION = app;
			};
			name = Debug;
		};
		93E2AB0819C4CAB900A2BC7F /* Release */ = {
			isa = XCBuildConfiguration;
			buildSettings = {
				ASSETCATALOG_COMPILER_APPICON_NAME = AppIcon;
				ASSETCATALOG_COMPILER_LAUNCHIMAGE_NAME = LaunchImage;
				GCC_PRECOMPILE_PREFIX_HEADER = YES;
				GCC_PREFIX_HEADER = "NativeApp/NativeApp-Prefix.pch";
				INFOPLIST_FILE = "NativeApp/NativeApp-Info.plist";
				IPHONEOS_DEPLOYMENT_TARGET = 7.1;
				LIBRARY_SEARCH_PATHS = (
					"$(inherited)",
					"$(PROJECT_DIR)",
				);
				OTHER_LDFLAGS = (
					"-lc++",
					"-ObjC",
				);
				PRODUCT_NAME = "$(TARGET_NAME)";
				WRAPPER_EXTENSION = app;
			};
			name = Release;
		};
		93E2AB0A19C4CAB900A2BC7F /* Debug */ = {
			isa = XCBuildConfiguration;
			buildSettings = {
				BUNDLE_LOADER = "$(BUILT_PRODUCTS_DIR)/NativeApp.app/NativeApp";
				FRAMEWORK_SEARCH_PATHS = (
					"$(SDKROOT)/Developer/Library/Frameworks",
					"$(inherited)",
					"$(DEVELOPER_FRAMEWORKS_DIR)",
				);
				GCC_PRECOMPILE_PREFIX_HEADER = YES;
				GCC_PREFIX_HEADER = "NativeApp/NativeApp-Prefix.pch";
				GCC_PREPROCESSOR_DEFINITIONS = (
					"DEBUG=1",
					"$(inherited)",
				);
				INFOPLIST_FILE = "NativeAppTests/NativeAppTests-Info.plist";
				PRODUCT_NAME = "$(TARGET_NAME)";
				TEST_HOST = "$(BUNDLE_LOADER)";
				WRAPPER_EXTENSION = xctest;
			};
			name = Debug;
		};
		93E2AB0B19C4CAB900A2BC7F /* Release */ = {
			isa = XCBuildConfiguration;
			buildSettings = {
				BUNDLE_LOADER = "$(BUILT_PRODUCTS_DIR)/NativeApp.app/NativeApp";
				FRAMEWORK_SEARCH_PATHS = (
					"$(SDKROOT)/Developer/Library/Frameworks",
					"$(inherited)",
					"$(DEVELOPER_FRAMEWORKS_DIR)",
				);
				GCC_PRECOMPILE_PREFIX_HEADER = YES;
				GCC_PREFIX_HEADER = "NativeApp/NativeApp-Prefix.pch";
				INFOPLIST_FILE = "NativeAppTests/NativeAppTests-Info.plist";
				PRODUCT_NAME = "$(TARGET_NAME)";
				TEST_HOST = "$(BUNDLE_LOADER)";
				WRAPPER_EXTENSION = xctest;
			};
			name = Release;
		};
/* End XCBuildConfiguration section */

/* Begin XCConfigurationList section */
		93E2AAD519C4CAB900A2BC7F /* Build configuration list for PBXProject "NativeApp" */ = {
			isa = XCConfigurationList;
			buildConfigurations = (
				93E2AB0419C4CAB900A2BC7F /* Debug */,
				93E2AB0519C4CAB900A2BC7F /* Release */,
			);
			defaultConfigurationIsVisible = 0;
			defaultConfigurationName = Release;
		};
		93E2AB0619C4CAB900A2BC7F /* Build configuration list for PBXNativeTarget "NativeApp" */ = {
			isa = XCConfigurationList;
			buildConfigurations = (
				93E2AB0719C4CAB900A2BC7F /* Debug */,
				93E2AB0819C4CAB900A2BC7F /* Release */,
			);
			defaultConfigurationIsVisible = 0;
			defaultConfigurationName = Release;
		};
		93E2AB0919C4CAB900A2BC7F /* Build configuration list for PBXNativeTarget "NativeAppTests" */ = {
			isa = XCConfigurationList;
			buildConfigurations = (
				93E2AB0A19C4CAB900A2BC7F /* Debug */,
				93E2AB0B19C4CAB900A2BC7F /* Release */,
			);
			defaultConfigurationIsVisible = 0;
			defaultConfigurationName = Release;
		};
/* End XCConfigurationList section */
	};
	rootObject = 93E2AAD219C4CAB900A2BC7F /* Project object */;
}
